
Microsoft Visual Studio Solution File, Format Version 12.00
# Visual Studio Version 17
VisualStudioVersion = 17.3.32804.467
MinimumVisualStudioVersion = 10.0.40219.1
Project("{FAE04EC0-301F-11D3-BF4B-00C04F79EFBC}") = "FundooApp", "FundooApp\FundooApp.csproj", "{5D202972-CD8E-4CBB-8BEC-4A64CA5DD930}"
EndProject
Project("{FAE04EC0-301F-11D3-BF4B-00C04F79EFBC}") = "BusinessLayer", "BusinessLayer\BusinessLayer.csproj", "{71D51FDC-22B0-4C0A-B94A-F54D4B803EDC}"
EndProject
Project("{FAE04EC0-301F-11D3-BF4B-00C04F79EFBC}") = "CommonLayer", "CommonLayer\CommonLayer.csproj", "{889EDB08-41FC-4680-9164-EAD2C26F0BD9}"
EndProject
Project("{FAE04EC0-301F-11D3-BF4B-00C04F79EFBC}") = "RepositoryLayer", "RepositoryLayer\RepositoryLayer.csproj", "{1CEF0C56-3C3D-4632-A2EF-00EF219EDCF7}"
EndProject
Global
	GlobalSection(SolutionConfigurationPlatforms) = preSolution
		Debug|Any CPU = Debug|Any CPU
		Release|Any CPU = Release|Any CPU
	EndGlobalSection
	GlobalSection(ProjectConfigurationPlatforms) = postSolution
		{5D202972-CD8E-4CBB-8BEC-4A64CA5DD930}.Debug|Any CPU.ActiveCfg = Debug|Any CPU
		{5D202972-CD8E-4CBB-8BEC-4A64CA5DD930}.Debug|Any CPU.Build.0 = Debug|Any CPU
		{5D202972-CD8E-4CBB-8BEC-4A64CA5DD930}.Release|Any CPU.ActiveCfg = Release|Any CPU
		{5D202972-CD8E-4CBB-8BEC-4A64CA5DD930}.Release|Any CPU.Build.0 = Release|Any CPU
		{71D51FDC-22B0-4C0A-B94A-F54D4B803EDC}.Debug|Any CPU.ActiveCfg = Debug|Any CPU
		{71D51FDC-22B0-4C0A-B94A-F54D4B803EDC}.Debug|Any CPU.Build.0 = Debug|Any CPU
		{71D51FDC-22B0-4C0A-B94A-F54D4B803EDC}.Release|Any CPU.ActiveCfg = Release|Any CPU
		{71D51FDC-22B0-4C0A-B94A-F54D4B803EDC}.Release|Any CPU.Build.0 = Release|Any CPU
		{889EDB08-41FC-4680-9164-EAD2C26F0BD9}.Debug|Any CPU.ActiveCfg = Debug|Any CPU
		{889EDB08-41FC-4680-9164-EAD2C26F0BD9}.Debug|Any CPU.Build.0 = Debug|Any CPU
		{889EDB08-41FC-4680-9164-EAD2C26F0BD9}.Release|Any CPU.ActiveCfg = Release|Any CPU
		{889EDB08-41FC-4680-9164-EAD2C26F0BD9}.Release|Any CPU.Build.0 = Release|Any CPU
		{1CEF0C56-3C3D-4632-A2EF-00EF219EDCF7}.Debug|Any CPU.ActiveCfg = Debug|Any CPU
		{1CEF0C56-3C3D-4632-A2EF-00EF219EDCF7}.Debug|Any CPU.Build.0 = Debug|Any CPU
		{1CEF0C56-3C3D-4632-A2EF-00EF219EDCF7}.Release|Any CPU.ActiveCfg = Release|Any CPU
		{1CEF0C56-3C3D-4632-A2EF-00EF219EDCF7}.Release|Any CPU.Build.0 = Release|Any CPU
	EndGlobalSection
	GlobalSection(SolutionProperties) = preSolution
		HideSolutionNode = FALSE
	EndGlobalSection
	GlobalSection(ExtensibilityGlobals) = postSolution
		SolutionGuid = {DE1836FD-D569-4FF4-8CCC-8E8552E544C4}
	EndGlobalSection
EndGlobal
